
Microsoft Visual Studio Solution File, Format Version 12.00
# Visual Studio Version 18
VisualStudioVersion = 18.2.11415.280 d18.0
MinimumVisualStudioVersion = 10.0.40219.1
Project("{FAE04EC0-301F-11D3-BF4B-00C04F79EFBC}") = "Quest03", "Quest03.csproj", "{F998C667-27E1-3B46-CC31-BCFE442C29D3}"
EndProject
Global
	GlobalSection(SolutionConfigurationPlatforms) = preSolution
		Debug|Any CPU = Debug|Any CPU
		Release|Any CPU = Release|Any CPU
	EndGlobalSection
	GlobalSection(ProjectConfigurationPlatforms) = postSolution
		{F998C667-27E1-3B46-CC31-BCFE442C29D3}.Debug|Any CPU.ActiveCfg = Debug|Any CPU
		{F998C667-27E1-3B46-CC31-BCFE442C29D3}.Debug|Any CPU.Build.0 = Debug|Any CPU
		{F998C667-27E1-3B46-CC31-BCFE442C29D3}.Release|Any CPU.ActiveCfg = Release|Any CPU
		{F998C667-27E1-3B46-CC31-BCFE442C29D3}.Release|Any CPU.Build.0 = Release|Any CPU
	EndGlobalSection
	GlobalSection(SolutionProperties) = preSolution
		HideSolutionNode = FALSE
	EndGlobalSection
	GlobalSection(ExtensibilityGlobals) = postSolution
		SolutionGuid = {92D9E51C-7A72-4256-B19C-9CD269DF9E77}
	EndGlobalSection
EndGlobal
